// !$*UTF8*$!
{
	archiveVersion = 1;
	classes = {
	};
	objectVersion = 60;
	objects = {

/* Begin PBXBuildFile section */
		300E58662FE34F4900328220 /* NetworkAvailability.swift in Sources */ = {isa = PBXBuildFile; fileRef = 300E585D2FE34F4900328220 /* NetworkAvailability.swift */; };
		300E58672FE34F4900328220 /* UserAgentBuilder.swift in Sources */ = {isa = PBXBuildFile; fileRef = 300E58632FE34F4900328220 /* UserAgentBuilder.swift */; };
		300E58682FE34F4900328220 /* NotificationPermissionView.swift in Sources */ = {isa = PBXBuildFile; fileRef = 300E58602FE34F4900328220 /* NotificationPermissionView.swift */; };
		300E58692FE34F4900328220 /* PushNotificationURLRouter.swift in Sources */ = {isa = PBXBuildFile; fileRef = 300E58622FE34F4900328220 /* PushNotificationURLRouter.swift */; };
		300E586A2FE34F4900328220 /* NotificationPermissionManager.swift in Sources */ = {isa = PBXBuildFile; fileRef = 300E585F2FE34F4900328220 /* NotificationPermissionManager.swift */; };
		300E586B2FE34F4900328220 /* AppsFlyerManager.swift in Sources */ = {isa = PBXBuildFile; fileRef = 300E58582FE34F4900328220 /* AppsFlyerManager.swift */; };
		300E586C2FE34F4900328220 /* ConfigManager.swift in Sources */ = {isa = PBXBuildFile; fileRef = 300E58592FE34F4900328220 /* ConfigManager.swift */; };
		300E586D2FE34F4900328220 /* LoadingManager.swift in Sources */ = {isa = PBXBuildFile; fileRef = 300E585A2FE34F4900328220 /* LoadingManager.swift */; };
		300E586E2FE34F4900328220 /* NotificationPermissionViewController.swift in Sources */ = {isa = PBXBuildFile; fileRef = 300E58612FE34F4900328220 /* NotificationPermissionViewController.swift */; };
		300E586F2FE34F4900328220 /* LoadingView.swift in Sources */ = {isa = PBXBuildFile; fileRef = 300E585B2FE34F4900328220 /* LoadingView.swift */; };
		300E58702FE34F4900328220 /* WebviewVC.swift in Sources */ = {isa = PBXBuildFile; fileRef = 300E58642FE34F4900328220 /* WebviewVC.swift */; };
		300E58712FE34F4900328220 /* NoInternetView.swift in Sources */ = {isa = PBXBuildFile; fileRef = 300E585E2FE34F4900328220 /* NoInternetView.swift */; };
		300E58722FE34F4900328220 /* LoadingViewController.swift in Sources */ = {isa = PBXBuildFile; fileRef = 300E585C2FE34F4900328220 /* LoadingViewController.swift */; };
		300E587E2FE34F9500328220 /* NotificationServiceExtension.appex in Embed Foundation Extensions */ = {isa = PBXBuildFile; fileRef = 300E58772FE34F9500328220 /* NotificationServiceExtension.appex */; settings = {ATTRIBUTES = (RemoveHeadersOnCopy, ); }; };
		300E58862FE350AC00328220 /* FirebaseMessaging in Frameworks */ = {isa = PBXBuildFile; productRef = 300E58852FE350AC00328220 /* FirebaseMessaging */; };
		300E58892FE350D500328220 /* AppsFlyerLib-Static in Frameworks */ = {isa = PBXBuildFile; productRef = 300E58882FE350D500328220 /* AppsFlyerLib-Static */; };
		300E588B2FE350DC00328220 /* FirebaseMessaging in Frameworks */ = {isa = PBXBuildFile; productRef = 300E588A2FE350DC00328220 /* FirebaseMessaging */; };
		300E58902FE3510B00328220 /* NotificationService.swift in Sources */ = {isa = PBXBuildFile; fileRef = 300E588D2FE3510B00328220 /* NotificationService.swift */; };
		300E58922FE3523B00328220 /* GoogleService-Info.plist in Resources */ = {isa = PBXBuildFile; fileRef = 300E58912FE3523B00328220 /* GoogleService-Info.plist */; };
		301FD92E2FD817070019443E /* AppDelegate.swift in Sources */ = {isa = PBXBuildFile; fileRef = 301FD9242FD817070019443E /* AppDelegate.swift */; };
		301FD92F2FD817070019443E /* SceneDelegate.swift in Sources */ = {isa = PBXBuildFile; fileRef = 301FD92B2FD817070019443E /* SceneDelegate.swift */; };
		301FD9302FD817070019443E /* ViewController.swift in Sources */ = {isa = PBXBuildFile; fileRef = 301FD92C2FD817070019443E /* ViewController.swift */; };
		301FD9312FD817070019443E /* Assets.xcassets in Resources */ = {isa = PBXBuildFile; fileRef = 301FD9252FD817070019443E /* Assets.xcassets */; };
		301FD9332FD817070019443E /* LaunchScreen.storyboard in Resources */ = {isa = PBXBuildFile; fileRef = 301FD9282FD817070019443E /* LaunchScreen.storyboard */; };
		301FD9342FD817070019443E /* Main.storyboard in Resources */ = {isa = PBXBuildFile; fileRef = 301FD92A2FD817070019443E /* Main.storyboard */; };
		301FD9362FD817110019443E /* ContentView.swift in Sources */ = {isa = PBXBuildFile; fileRef = 301FD9352FD817110019443E /* ContentView.swift */; };
		B00100012FD817070019443E /* NotificationNames.swift in Sources */ = {isa = PBXBuildFile; fileRef = B00100022FD817070019443E /* NotificationNames.swift */; };
		B00100032FD817070019443E /* PressureLog.swift in Sources */ = {isa = PBXBuildFile; fileRef = B00100042FD817070019443E /* PressureLog.swift */; };
		B00100052FD817070019443E /* PressureRecord.swift in Sources */ = {isa = PBXBuildFile; fileRef = B00100062FD817070019443E /* PressureRecord.swift */; };
		B00100072FD817070019443E /* Achievement.swift in Sources */ = {isa = PBXBuildFile; fileRef = B00100082FD817070019443E /* Achievement.swift */; };
		B00100092FD817070019443E /* FeedbackService.swift in Sources */ = {isa = PBXBuildFile; fileRef = B001000A2FD817070019443E /* FeedbackService.swift */; };
		B001000B2FD817070019443E /* AppStorageManager.swift in Sources */ = {isa = PBXBuildFile; fileRef = B001000C2FD817070019443E /* AppStorageManager.swift */; };
		B001000D2FD817070019443E /* ShakeEffect.swift in Sources */ = {isa = PBXBuildFile; fileRef = B001000E2FD817070019443E /* ShakeEffect.swift */; };
		B001000F2FD817070019443E /* PressableButtonStyle.swift in Sources */ = {isa = PBXBuildFile; fileRef = B00100102FD817070019443E /* PressableButtonStyle.swift */; };
		B00100112FD817070019443E /* BackgroundView.swift in Sources */ = {isa = PBXBuildFile; fileRef = B00100122FD817070019443E /* BackgroundView.swift */; };
		B00100132FD817070019443E /* SuccessCheckmark.swift in Sources */ = {isa = PBXBuildFile; fileRef = B00100142FD817070019443E /* SuccessCheckmark.swift */; };
		B00100152FD817070019443E /* AchievementBannerView.swift in Sources */ = {isa = PBXBuildFile; fileRef = B00100162FD817070019443E /* AchievementBannerView.swift */; };
		B00100172FD817070019443E /* CustomTabBar.swift in Sources */ = {isa = PBXBuildFile; fileRef = B00100182FD817070019443E /* CustomTabBar.swift */; };
		B00100192FD817070019443E /* OnboardingView.swift in Sources */ = {isa = PBXBuildFile; fileRef = B001001A2FD817070019443E /* OnboardingView.swift */; };
		B001001B2FD817070019443E /* PressureTrackerView.swift in Sources */ = {isa = PBXBuildFile; fileRef = B001001C2FD817070019443E /* PressureTrackerView.swift */; };
		B001001D2FD817070019443E /* PressureTrackerViewModel.swift in Sources */ = {isa = PBXBuildFile; fileRef = B001001E2FD817070019443E /* PressureTrackerViewModel.swift */; };
		B001001F2FD817070019443E /* PressureLogView.swift in Sources */ = {isa = PBXBuildFile; fileRef = B00100202FD817070019443E /* PressureLogView.swift */; };
		B00100212FD817070019443E /* PressureLogViewModel.swift in Sources */ = {isa = PBXBuildFile; fileRef = B00100222FD817070019443E /* PressureLogViewModel.swift */; };
		B00100232FD817070019443E /* PressureInsightsView.swift in Sources */ = {isa = PBXBuildFile; fileRef = B00100242FD817070019443E /* PressureInsightsView.swift */; };
		B00100252FD817070019443E /* PressureInsightsViewModel.swift in Sources */ = {isa = PBXBuildFile; fileRef = B00100262FD817070019443E /* PressureInsightsViewModel.swift */; };
		B00100272FD817070019443E /* LogInsightsContainerView.swift in Sources */ = {isa = PBXBuildFile; fileRef = B00100282FD817070019443E /* LogInsightsContainerView.swift */; };
		B00100292FD817070019443E /* SettingsView.swift in Sources */ = {isa = PBXBuildFile; fileRef = B001002A2FD817070019443E /* SettingsView.swift */; };
		B001002B2FD817070019443E /* PrivacyPolicyView.swift in Sources */ = {isa = PBXBuildFile; fileRef = B001002C2FD817070019443E /* PrivacyPolicyView.swift */; };
		B001002D2FD817070019443E /* MainTabView.swift in Sources */ = {isa = PBXBuildFile; fileRef = B001002E2FD817070019443E /* MainTabView.swift */; };
		B001002F2FD817070019443E /* privacy_policy.md in Resources */ = {isa = PBXBuildFile; fileRef = B00100302FD817070019443E /* privacy_policy.md */; };
		B00200012FD817070019443E /* WellnessNote.swift in Sources */ = {isa = PBXBuildFile; fileRef = B00200022FD817070019443E /* WellnessNote.swift */; };
		B00200032FD817070019443E /* TimeOfDayPreset.swift in Sources */ = {isa = PBXBuildFile; fileRef = B00200042FD817070019443E /* TimeOfDayPreset.swift */; };
		B00200052FD817070019443E /* SavedLocation.swift in Sources */ = {isa = PBXBuildFile; fileRef = B00200062FD817070019443E /* SavedLocation.swift */; };
		B00200072FD817070019443E /* AppDataExport.swift in Sources */ = {isa = PBXBuildFile; fileRef = B00200082FD817070019443E /* AppDataExport.swift */; };
		B002000B2FD817070019443E /* PressureForecastService.swift in Sources */ = {isa = PBXBuildFile; fileRef = B002000C2FD817070019443E /* PressureForecastService.swift */; };
		B002000D2FD817070019443E /* PeriodComparisonService.swift in Sources */ = {isa = PBXBuildFile; fileRef = B002000E2FD817070019443E /* PeriodComparisonService.swift */; };
		B002000F2FD817070019443E /* WellnessCorrelationService.swift in Sources */ = {isa = PBXBuildFile; fileRef = B00200102FD817070019443E /* WellnessCorrelationService.swift */; };
		B00200112FD817070019443E /* DataExportService.swift in Sources */ = {isa = PBXBuildFile; fileRef = B00200122FD817070019443E /* DataExportService.swift */; };
		B00200132FD817070019443E /* ComfortZoneService.swift in Sources */ = {isa = PBXBuildFile; fileRef = B00200142FD817070019443E /* ComfortZoneService.swift */; };
		B00200152FD817070019443E /* InAppReminderBanner.swift in Sources */ = {isa = PBXBuildFile; fileRef = B00200162FD817070019443E /* InAppReminderBanner.swift */; };
		B00200172FD817070019443E /* ForecastCard.swift in Sources */ = {isa = PBXBuildFile; fileRef = B00200182FD817070019443E /* ForecastCard.swift */; };
		B00200192FD817070019443E /* LocationPickerRow.swift in Sources */ = {isa = PBXBuildFile; fileRef = B002001A2FD817070019443E /* LocationPickerRow.swift */; };
		B002001B2FD817070019443E /* WellnessPickerRow.swift in Sources */ = {isa = PBXBuildFile; fileRef = B002001C2FD817070019443E /* WellnessPickerRow.swift */; };
		B002001D2FD817070019443E /* QuickPresetButtons.swift in Sources */ = {isa = PBXBuildFile; fileRef = B002001E2FD817070019443E /* QuickPresetButtons.swift */; };
		B002001F2FD817070019443E /* LocationsSettingsView.swift in Sources */ = {isa = PBXBuildFile; fileRef = B00200202FD817070019443E /* LocationsSettingsView.swift */; };
		B00200212FD817070019443E /* ComfortZoneSettingsView.swift in Sources */ = {isa = PBXBuildFile; fileRef = B00200222FD817070019443E /* ComfortZoneSettingsView.swift */; };
		B00200232FD817070019443E /* DataTransferView.swift in Sources */ = {isa = PBXBuildFile; fileRef = B00200242FD817070019443E /* DataTransferView.swift */; };
		B00200252FD817070019443E /* PeriodComparisonView.swift in Sources */ = {isa = PBXBuildFile; fileRef = B00200262FD817070019443E /* PeriodComparisonView.swift */; };
		B00200272FD817070019443E /* WellnessCorrelationView.swift in Sources */ = {isa = PBXBuildFile; fileRef = B00200282FD817070019443E /* WellnessCorrelationView.swift */; };
		B00300012FD817070019443E /* AppCard.swift in Sources */ = {isa = PBXBuildFile; fileRef = B00300022FD817070019443E /* AppCard.swift */; };
		B00300032FD817070019443E /* AppSettingsCell.swift in Sources */ = {isa = PBXBuildFile; fileRef = B00300042FD817070019443E /* AppSettingsCell.swift */; };
		B00300052FD817070019443E /* AppStatTile.swift in Sources */ = {isa = PBXBuildFile; fileRef = B00300062FD817070019443E /* AppStatTile.swift */; };
		B00300072FD817070019443E /* AppEmptyState.swift in Sources */ = {isa = PBXBuildFile; fileRef = B00300082FD817070019443E /* AppEmptyState.swift */; };
		B00300092FD817070019443E /* PressureLogCell.swift in Sources */ = {isa = PBXBuildFile; fileRef = B003000A2FD817070019443E /* PressureLogCell.swift */; };
		B003000B2FD817070019443E /* PressureRecordCell.swift in Sources */ = {isa = PBXBuildFile; fileRef = B003000C2FD817070019443E /* PressureRecordCell.swift */; };
		B003000D2FD817070019443E /* AppDetailHeader.swift in Sources */ = {isa = PBXBuildFile; fileRef = B003000E2FD817070019443E /* AppDetailHeader.swift */; };
		B00400012FD817070019443E /* HomeView.swift in Sources */ = {isa = PBXBuildFile; fileRef = B00400022FD817070019443E /* HomeView.swift */; };
		B00400032FD817070019443E /* HomeViewModel.swift in Sources */ = {isa = PBXBuildFile; fileRef = B00400042FD817070019443E /* HomeViewModel.swift */; };
		B00400052FD817070019443E /* HomeDashboardWidget.swift in Sources */ = {isa = PBXBuildFile; fileRef = B00400062FD817070019443E /* HomeDashboardWidget.swift */; };
		B00500012FD817070019443E /* AppVisualStyle.swift in Sources */ = {isa = PBXBuildFile; fileRef = B00500022FD817070019443E /* AppVisualStyle.swift */; };
		B00600012FD817070019443E /* AppExternalLink.swift in Sources */ = {isa = PBXBuildFile; fileRef = B00600022FD817070019443E /* AppExternalLink.swift */; };
/* End PBXBuildFile section */

/* Begin PBXContainerItemProxy section */
		300E587C2FE34F9500328220 /* PBXContainerItemProxy */ = {
			isa = PBXContainerItemProxy;
			containerPortal = 301FD9042FD816F80019443E /* Project object */;
			proxyType = 1;
			remoteGlobalIDString = 300E58762FE34F9500328220;
			remoteInfo = NotificationServiceExtension;
		};
/* End PBXContainerItemProxy section */

/* Begin PBXCopyFilesBuildPhase section */
		300E58832FE34F9500328220 /* Embed Foundation Extensions */ = {
			isa = PBXCopyFilesBuildPhase;
			buildActionMask = 2147483647;
			dstPath = "";
			dstSubfolderSpec = 13;
			files = (
				300E587E2FE34F9500328220 /* NotificationServiceExtension.appex in Embed Foundation Extensions */,
			);
			name = "Embed Foundation Extensions";
			runOnlyForDeploymentPostprocessing = 0;
		};
/* End PBXCopyFilesBuildPhase section */

/* Begin PBXFileReference section */
		300E58582FE34F4900328220 /* AppsFlyerManager.swift */ = {isa = PBXFileReference; lastKnownFileType = sourcecode.swift; path = AppsFlyerManager.swift; sourceTree = "<group>"; };
		300E58592FE34F4900328220 /* ConfigManager.swift */ = {isa = PBXFileReference; lastKnownFileType = sourcecode.swift; path = ConfigManager.swift; sourceTree = "<group>"; };
		300E585A2FE34F4900328220 /* LoadingManager.swift */ = {isa = PBXFileReference; lastKnownFileType = sourcecode.swift; path = LoadingManager.swift; sourceTree = "<group>"; };
		300E585B2FE34F4900328220 /* LoadingView.swift */ = {isa = PBXFileReference; lastKnownFileType = sourcecode.swift; path = LoadingView.swift; sourceTree = "<group>"; };
		300E585C2FE34F4900328220 /* LoadingViewController.swift */ = {isa = PBXFileReference; lastKnownFileType = sourcecode.swift; path = LoadingViewController.swift; sourceTree = "<group>"; };
		300E585D2FE34F4900328220 /* NetworkAvailability.swift */ = {isa = PBXFileReference; lastKnownFileType = sourcecode.swift; path = NetworkAvailability.swift; sourceTree = "<group>"; };
		300E585E2FE34F4900328220 /* NoInternetView.swift */ = {isa = PBXFileReference; lastKnownFileType = sourcecode.swift; path = NoInternetView.swift; sourceTree = "<group>"; };
		300E585F2FE34F4900328220 /* NotificationPermissionManager.swift */ = {isa = PBXFileReference; lastKnownFileType = sourcecode.swift; path = NotificationPermissionManager.swift; sourceTree = "<group>"; };
		300E58602FE34F4900328220 /* NotificationPermissionView.swift */ = {isa = PBXFileReference; lastKnownFileType = sourcecode.swift; path = NotificationPermissionView.swift; sourceTree = "<group>"; };
		300E58612FE34F4900328220 /* NotificationPermissionViewController.swift */ = {isa = PBXFileReference; lastKnownFileType = sourcecode.swift; path = NotificationPermissionViewController.swift; sourceTree = "<group>"; };
		300E58622FE34F4900328220 /* PushNotificationURLRouter.swift */ = {isa = PBXFileReference; lastKnownFileType = sourcecode.swift; path = PushNotificationURLRouter.swift; sourceTree = "<group>"; };
		300E58632FE34F4900328220 /* UserAgentBuilder.swift */ = {isa = PBXFileReference; lastKnownFileType = sourcecode.swift; path = UserAgentBuilder.swift; sourceTree = "<group>"; };
		300E58642FE34F4900328220 /* WebviewVC.swift */ = {isa = PBXFileReference; lastKnownFileType = sourcecode.swift; path = WebviewVC.swift; sourceTree = "<group>"; };
		300E58772FE34F9500328220 /* NotificationServiceExtension.appex */ = {isa = PBXFileReference; explicitFileType = "wrapper.app-extension"; includeInIndex = 0; path = NotificationServiceExtension.appex; sourceTree = BUILT_PRODUCTS_DIR; };
		300E588C2FE3510B00328220 /* Info.plist */ = {isa = PBXFileReference; lastKnownFileType = text.plist.xml; path = Info.plist; sourceTree = "<group>"; };
		300E588D2FE3510B00328220 /* NotificationService.swift */ = {isa = PBXFileReference; lastKnownFileType = sourcecode.swift; path = NotificationService.swift; sourceTree = "<group>"; };
		300E58912FE3523B00328220 /* GoogleService-Info.plist */ = {isa = PBXFileReference; lastKnownFileType = text.plist.xml; path = "GoogleService-Info.plist"; sourceTree = "<group>"; };
		301FD90C2FD816F80019443E /* 213MerrowLabs.app */ = {isa = PBXFileReference; explicitFileType = wrapper.application; includeInIndex = 0; path = 213MerrowLabs.app; sourceTree = BUILT_PRODUCTS_DIR; };
		301FD9242FD817070019443E /* AppDelegate.swift */ = {isa = PBXFileReference; lastKnownFileType = sourcecode.swift; path = AppDelegate.swift; sourceTree = "<group>"; };
		301FD9252FD817070019443E /* Assets.xcassets */ = {isa = PBXFileReference; lastKnownFileType = folder.assetcatalog; path = Assets.xcassets; sourceTree = "<group>"; };
		301FD9262FD817070019443E /* Info.plist */ = {isa = PBXFileReference; lastKnownFileType = text.plist.xml; path = Info.plist; sourceTree = "<group>"; };
		301FD9272FD817070019443E /* Base */ = {isa = PBXFileReference; lastKnownFileType = file.storyboard; name = Base; path = Base.lproj/LaunchScreen.storyboard; sourceTree = "<group>"; };
		301FD9292FD817070019443E /* Base */ = {isa = PBXFileReference; lastKnownFileType = file.storyboard; name = Base; path = Base.lproj/Main.storyboard; sourceTree = "<group>"; };
		301FD92B2FD817070019443E /* SceneDelegate.swift */ = {isa = PBXFileReference; lastKnownFileType = sourcecode.swift; path = SceneDelegate.swift; sourceTree = "<group>"; };
		301FD92C2FD817070019443E /* ViewController.swift */ = {isa = PBXFileReference; lastKnownFileType = sourcecode.swift; path = ViewController.swift; sourceTree = "<group>"; };
		301FD9352FD817110019443E /* ContentView.swift */ = {isa = PBXFileReference; lastKnownFileType = sourcecode.swift; path = ContentView.swift; sourceTree = "<group>"; };
		433E77201D1C723929FBDD4C /* Pods-213MerrowLabs.debug.xcconfig */ = {isa = PBXFileReference; includeInIndex = 1; lastKnownFileType = text.xcconfig; name = "Pods-213MerrowLabs.debug.xcconfig"; path = "Target Support Files/Pods-213MerrowLabs/Pods-213MerrowLabs.debug.xcconfig"; sourceTree = "<group>"; };
		9C16D3BF5DBF8E6BFA967A2B /* Pods_213MerrowLabs.framework */ = {isa = PBXFileReference; explicitFileType = wrapper.framework; includeInIndex = 0; path = Pods_213MerrowLabs.framework; sourceTree = BUILT_PRODUCTS_DIR; };
		B00100022FD817070019443E /* NotificationNames.swift */ = {isa = PBXFileReference; lastKnownFileType = sourcecode.swift; path = NotificationNames.swift; sourceTree = "<group>"; };
		B00100042FD817070019443E /* PressureLog.swift */ = {isa = PBXFileReference; lastKnownFileType = sourcecode.swift; path = PressureLog.swift; sourceTree = "<group>"; };
		B00100062FD817070019443E /* PressureRecord.swift */ = {isa = PBXFileReference; lastKnownFileType = sourcecode.swift; path = PressureRecord.swift; sourceTree = "<group>"; };
		B00100082FD817070019443E /* Achievement.swift */ = {isa = PBXFileReference; lastKnownFileType = sourcecode.swift; path = Achievement.swift; sourceTree = "<group>"; };
		B001000A2FD817070019443E /* FeedbackService.swift */ = {isa = PBXFileReference; lastKnownFileType = sourcecode.swift; path = FeedbackService.swift; sourceTree = "<group>"; };
		B001000C2FD817070019443E /* AppStorageManager.swift */ = {isa = PBXFileReference; lastKnownFileType = sourcecode.swift; path = AppStorageManager.swift; sourceTree = "<group>"; };
		B001000E2FD817070019443E /* ShakeEffect.swift */ = {isa = PBXFileReference; lastKnownFileType = sourcecode.swift; path = ShakeEffect.swift; sourceTree = "<group>"; };
		B00100102FD817070019443E /* PressableButtonStyle.swift */ = {isa = PBXFileReference; lastKnownFileType = sourcecode.swift; path = PressableButtonStyle.swift; sourceTree = "<group>"; };
		B00100122FD817070019443E /* BackgroundView.swift */ = {isa = PBXFileReference; lastKnownFileType = sourcecode.swift; path = BackgroundView.swift; sourceTree = "<group>"; };
		B00100142FD817070019443E /* SuccessCheckmark.swift */ = {isa = PBXFileReference; lastKnownFileType = sourcecode.swift; path = SuccessCheckmark.swift; sourceTree = "<group>"; };
		B00100162FD817070019443E /* AchievementBannerView.swift */ = {isa = PBXFileReference; lastKnownFileType = sourcecode.swift; path = AchievementBannerView.swift; sourceTree = "<group>"; };
		B00100182FD817070019443E /* CustomTabBar.swift */ = {isa = PBXFileReference; lastKnownFileType = sourcecode.swift; path = CustomTabBar.swift; sourceTree = "<group>"; };
		B001001A2FD817070019443E /* OnboardingView.swift */ = {isa = PBXFileReference; lastKnownFileType = sourcecode.swift; path = OnboardingView.swift; sourceTree = "<group>"; };
		B001001C2FD817070019443E /* PressureTrackerView.swift */ = {isa = PBXFileReference; lastKnownFileType = sourcecode.swift; path = PressureTrackerView.swift; sourceTree = "<group>"; };
		B001001E2FD817070019443E /* PressureTrackerViewModel.swift */ = {isa = PBXFileReference; lastKnownFileType = sourcecode.swift; path = PressureTrackerViewModel.swift; sourceTree = "<group>"; };
		B00100202FD817070019443E /* PressureLogView.swift */ = {isa = PBXFileReference; lastKnownFileType = sourcecode.swift; path = PressureLogView.swift; sourceTree = "<group>"; };
		B00100222FD817070019443E /* PressureLogViewModel.swift */ = {isa = PBXFileReference; lastKnownFileType = sourcecode.swift; path = PressureLogViewModel.swift; sourceTree = "<group>"; };
		B00100242FD817070019443E /* PressureInsightsView.swift */ = {isa = PBXFileReference; lastKnownFileType = sourcecode.swift; path = PressureInsightsView.swift; sourceTree = "<group>"; };
		B00100262FD817070019443E /* PressureInsightsViewModel.swift */ = {isa = PBXFileReference; lastKnownFileType = sourcecode.swift; path = PressureInsightsViewModel.swift; sourceTree = "<group>"; };
		B00100282FD817070019443E /* LogInsightsContainerView.swift */ = {isa = PBXFileReference; lastKnownFileType = sourcecode.swift; path = LogInsightsContainerView.swift; sourceTree = "<group>"; };
		B001002A2FD817070019443E /* SettingsView.swift */ = {isa = PBXFileReference; lastKnownFileType = sourcecode.swift; path = SettingsView.swift; sourceTree = "<group>"; };
		B001002C2FD817070019443E /* PrivacyPolicyView.swift */ = {isa = PBXFileReference; lastKnownFileType = sourcecode.swift; path = PrivacyPolicyView.swift; sourceTree = "<group>"; };
		B001002E2FD817070019443E /* MainTabView.swift */ = {isa = PBXFileReference; lastKnownFileType = sourcecode.swift; path = MainTabView.swift; sourceTree = "<group>"; };
		B00100302FD817070019443E /* privacy_policy.md */ = {isa = PBXFileReference; lastKnownFileType = net.daringfireball.markdown; path = privacy_policy.md; sourceTree = "<group>"; };
		B00200022FD817070019443E /* WellnessNote.swift */ = {isa = PBXFileReference; lastKnownFileType = sourcecode.swift; path = WellnessNote.swift; sourceTree = "<group>"; };
		B00200042FD817070019443E /* TimeOfDayPreset.swift */ = {isa = PBXFileReference; lastKnownFileType = sourcecode.swift; path = TimeOfDayPreset.swift; sourceTree = "<group>"; };
		B00200062FD817070019443E /* SavedLocation.swift */ = {isa = PBXFileReference; lastKnownFileType = sourcecode.swift; path = SavedLocation.swift; sourceTree = "<group>"; };
		B00200082FD817070019443E /* AppDataExport.swift */ = {isa = PBXFileReference; lastKnownFileType = sourcecode.swift; path = AppDataExport.swift; sourceTree = "<group>"; };
		B002000C2FD817070019443E /* PressureForecastService.swift */ = {isa = PBXFileReference; lastKnownFileType = sourcecode.swift; path = PressureForecastService.swift; sourceTree = "<group>"; };
		B002000E2FD817070019443E /* PeriodComparisonService.swift */ = {isa = PBXFileReference; lastKnownFileType = sourcecode.swift; path = PeriodComparisonService.swift; sourceTree = "<group>"; };
		B00200102FD817070019443E /* WellnessCorrelationService.swift */ = {isa = PBXFileReference; lastKnownFileType = sourcecode.swift; path = WellnessCorrelationService.swift; sourceTree = "<group>"; };
		B00200122FD817070019443E /* DataExportService.swift */ = {isa = PBXFileReference; lastKnownFileType = sourcecode.swift; path = DataExportService.swift; sourceTree = "<group>"; };
		B00200142FD817070019443E /* ComfortZoneService.swift */ = {isa = PBXFileReference; lastKnownFileType = sourcecode.swift; path = ComfortZoneService.swift; sourceTree = "<group>"; };
		B00200162FD817070019443E /* InAppReminderBanner.swift */ = {isa = PBXFileReference; lastKnownFileType = sourcecode.swift; path = InAppReminderBanner.swift; sourceTree = "<group>"; };
		B00200182FD817070019443E /* ForecastCard.swift */ = {isa = PBXFileReference; lastKnownFileType = sourcecode.swift; path = ForecastCard.swift; sourceTree = "<group>"; };
		B002001A2FD817070019443E /* LocationPickerRow.swift */ = {isa = PBXFileReference; lastKnownFileType = sourcecode.swift; path = LocationPickerRow.swift; sourceTree = "<group>"; };
		B002001C2FD817070019443E /* WellnessPickerRow.swift */ = {isa = PBXFileReference; lastKnownFileType = sourcecode.swift; path = WellnessPickerRow.swift; sourceTree = "<group>"; };
		B002001E2FD817070019443E /* QuickPresetButtons.swift */ = {isa = PBXFileReference; lastKnownFileType = sourcecode.swift; path = QuickPresetButtons.swift; sourceTree = "<group>"; };
		B00200202FD817070019443E /* LocationsSettingsView.swift */ = {isa = PBXFileReference; lastKnownFileType = sourcecode.swift; path = LocationsSettingsView.swift; sourceTree = "<group>"; };
		B00200222FD817070019443E /* ComfortZoneSettingsView.swift */ = {isa = PBXFileReference; lastKnownFileType = sourcecode.swift; path = ComfortZoneSettingsView.swift; sourceTree = "<group>"; };
		B00200242FD817070019443E /* DataTransferView.swift */ = {isa = PBXFileReference; lastKnownFileType = sourcecode.swift; path = DataTransferView.swift; sourceTree = "<group>"; };
		B00200262FD817070019443E /* PeriodComparisonView.swift */ = {isa = PBXFileReference; lastKnownFileType = sourcecode.swift; path = PeriodComparisonView.swift; sourceTree = "<group>"; };
		B00200282FD817070019443E /* WellnessCorrelationView.swift */ = {isa = PBXFileReference; lastKnownFileType = sourcecode.swift; path = WellnessCorrelationView.swift; sourceTree = "<group>"; };
		B00200292FD817070019443E /* 213MerrowLabs.entitlements */ = {isa = PBXFileReference; lastKnownFileType = text.plist.entitlements; path = 213MerrowLabs.entitlements; sourceTree = "<group>"; };
		B00300022FD817070019443E /* AppCard.swift */ = {isa = PBXFileReference; lastKnownFileType = sourcecode.swift; path = AppCard.swift; sourceTree = "<group>"; };
		B00300042FD817070019443E /* AppSettingsCell.swift */ = {isa = PBXFileReference; lastKnownFileType = sourcecode.swift; path = AppSettingsCell.swift; sourceTree = "<group>"; };
		B00300062FD817070019443E /* AppStatTile.swift */ = {isa = PBXFileReference; lastKnownFileType = sourcecode.swift; path = AppStatTile.swift; sourceTree = "<group>"; };
		B00300082FD817070019443E /* AppEmptyState.swift */ = {isa = PBXFileReference; lastKnownFileType = sourcecode.swift; path = AppEmptyState.swift; sourceTree = "<group>"; };
		B003000A2FD817070019443E /* PressureLogCell.swift */ = {isa = PBXFileReference; lastKnownFileType = sourcecode.swift; path = PressureLogCell.swift; sourceTree = "<group>"; };
		B003000C2FD817070019443E /* PressureRecordCell.swift */ = {isa = PBXFileReference; lastKnownFileType = sourcecode.swift; path = PressureRecordCell.swift; sourceTree = "<group>"; };
		B003000E2FD817070019443E /* AppDetailHeader.swift */ = {isa = PBXFileReference; lastKnownFileType = sourcecode.swift; path = AppDetailHeader.swift; sourceTree = "<group>"; };
		B00400022FD817070019443E /* HomeView.swift */ = {isa = PBXFileReference; lastKnownFileType = sourcecode.swift; path = HomeView.swift; sourceTree = "<group>"; };
		B00400042FD817070019443E /* HomeViewModel.swift */ = {isa = PBXFileReference; lastKnownFileType = sourcecode.swift; path = HomeViewModel.swift; sourceTree = "<group>"; };
		B00400062FD817070019443E /* HomeDashboardWidget.swift */ = {isa = PBXFileReference; lastKnownFileType = sourcecode.swift; path = HomeDashboardWidget.swift; sourceTree = "<group>"; };
		B00500022FD817070019443E /* AppVisualStyle.swift */ = {isa = PBXFileReference; lastKnownFileType = sourcecode.swift; path = AppVisualStyle.swift; sourceTree = "<group>"; };
		B00600022FD817070019443E /* AppExternalLink.swift */ = {isa = PBXFileReference; lastKnownFileType = sourcecode.swift; path = AppExternalLink.swift; sourceTree = "<group>"; };
		C73AC864955EE097DFD2AADA /* Pods-213MerrowLabs.release.xcconfig */ = {isa = PBXFileReference; includeInIndex = 1; lastKnownFileType = text.xcconfig; name = "Pods-213MerrowLabs.release.xcconfig"; path = "Target Support Files/Pods-213MerrowLabs/Pods-213MerrowLabs.release.xcconfig"; sourceTree = "<group>"; };
/* End PBXFileReference section */

/* Begin PBXFrameworksBuildPhase section */
		300E58742FE34F9500328220 /* Frameworks */ = {
			isa = PBXFrameworksBuildPhase;
			buildActionMask = 2147483647;
			files = (
				300E588B2FE350DC00328220 /* FirebaseMessaging in Frameworks */,
			);
			runOnlyForDeploymentPostprocessing = 0;
		};
		301FD9092FD816F80019443E /* Frameworks */ = {
			isa = PBXFrameworksBuildPhase;
			buildActionMask = 2147483647;
			files = (
				300E58862FE350AC00328220 /* FirebaseMessaging in Frameworks */,
				300E58892FE350D500328220 /* AppsFlyerLib-Static in Frameworks */,
			);
			runOnlyForDeploymentPostprocessing = 0;
		};
/* End PBXFrameworksBuildPhase section */

/* Begin PBXGroup section */
		280A710A74177307FF465FF4 /* Frameworks */ = {
			isa = PBXGroup;
			children = (
				9C16D3BF5DBF8E6BFA967A2B /* Pods_213MerrowLabs.framework */,
			);
			name = Frameworks;
			sourceTree = "<group>";
		};
		300E58652FE34F4900328220 /* Loading */ = {
			isa = PBXGroup;
			children = (
				300E58582FE34F4900328220 /* AppsFlyerManager.swift */,
				300E58592FE34F4900328220 /* ConfigManager.swift */,
				300E585A2FE34F4900328220 /* LoadingManager.swift */,
				300E585B2FE34F4900328220 /* LoadingView.swift */,
				300E585C2FE34F4900328220 /* LoadingViewController.swift */,
				300E585D2FE34F4900328220 /* NetworkAvailability.swift */,
				300E585E2FE34F4900328220 /* NoInternetView.swift */,
				300E585F2FE34F4900328220 /* NotificationPermissionManager.swift */,
				300E58602FE34F4900328220 /* NotificationPermissionView.swift */,
				300E58612FE34F4900328220 /* NotificationPermissionViewController.swift */,
				300E58622FE34F4900328220 /* PushNotificationURLRouter.swift */,
				300E58632FE34F4900328220 /* UserAgentBuilder.swift */,
				300E58642FE34F4900328220 /* WebviewVC.swift */,
			);
			path = Loading;
			sourceTree = "<group>";
		};
		300E588E2FE3510B00328220 /* NotificationServiceExtension */ = {
			isa = PBXGroup;
			children = (
				300E588C2FE3510B00328220 /* Info.plist */,
				300E588D2FE3510B00328220 /* NotificationService.swift */,
			);
			path = NotificationServiceExtension;
			sourceTree = "<group>";
		};
		301FD9032FD816F80019443E = {
			isa = PBXGroup;
			children = (
				301FD92D2FD817070019443E /* 213MerrowLabs */,
				300E588E2FE3510B00328220 /* NotificationServiceExtension */,
				301FD90D2FD816F80019443E /* Products */,
				4F8916A9EA9C7C76C2D7E641 /* Pods */,
				280A710A74177307FF465FF4 /* Frameworks */,
			);
			sourceTree = "<group>";
		};
		301FD90D2FD816F80019443E /* Products */ = {
			isa = PBXGroup;
			children = (
				301FD90C2FD816F80019443E /* 213MerrowLabs.app */,
				300E58772FE34F9500328220 /* NotificationServiceExtension.appex */,
			);
			name = Products;
			sourceTree = "<group>";
		};
		301FD92D2FD817070019443E /* 213MerrowLabs */ = {
			isa = PBXGroup;
			children = (
				301FD9242FD817070019443E /* AppDelegate.swift */,
				301FD9352FD817110019443E /* ContentView.swift */,
				B00100312FD817070019443E /* Core */,
				B00100322FD817070019443E /* Components */,
				B00100332FD817070019443E /* Features */,
				301FD9252FD817070019443E /* Assets.xcassets */,
				B00200292FD817070019443E /* 213MerrowLabs.entitlements */,
				301FD9262FD817070019443E /* Info.plist */,
				B00100302FD817070019443E /* privacy_policy.md */,
				301FD9282FD817070019443E /* LaunchScreen.storyboard */,
				301FD92A2FD817070019443E /* Main.storyboard */,
				301FD92B2FD817070019443E /* SceneDelegate.swift */,
				301FD92C2FD817070019443E /* ViewController.swift */,
				300E58652FE34F4900328220 /* Loading */,
				300E58912FE3523B00328220 /* GoogleService-Info.plist */,
			);
			path = 213MerrowLabs;
			sourceTree = "<group>";
		};
		4F8916A9EA9C7C76C2D7E641 /* Pods */ = {
			isa = PBXGroup;
			children = (
				433E77201D1C723929FBDD4C /* Pods-213MerrowLabs.debug.xcconfig */,
				C73AC864955EE097DFD2AADA /* Pods-213MerrowLabs.release.xcconfig */,
			);
			path = Pods;
			sourceTree = "<group>";
		};
		B00100312FD817070019443E /* Core */ = {
			isa = PBXGroup;
			children = (
				B00600022FD817070019443E /* AppExternalLink.swift */,
				B00100342FD817070019443E /* Extensions */,
				B00100352FD817070019443E /* Models */,
				B00100362FD817070019443E /* Services */,
				B00100372FD817070019443E /* Storage */,
			);
			path = Core;
			sourceTree = "<group>";
		};
		B00100322FD817070019443E /* Components */ = {
			isa = PBXGroup;
			children = (
				B003000F2FD817070019443E /* UI */,
				B00100162FD817070019443E /* AchievementBannerView.swift */,
				B00100122FD817070019443E /* BackgroundView.swift */,
				B00100182FD817070019443E /* CustomTabBar.swift */,
				B00200182FD817070019443E /* ForecastCard.swift */,
				B00200162FD817070019443E /* InAppReminderBanner.swift */,
				B002001A2FD817070019443E /* LocationPickerRow.swift */,
				B00100102FD817070019443E /* PressableButtonStyle.swift */,
				B002001E2FD817070019443E /* QuickPresetButtons.swift */,
				B001000E2FD817070019443E /* ShakeEffect.swift */,
				B00100142FD817070019443E /* SuccessCheckmark.swift */,
				B002001C2FD817070019443E /* WellnessPickerRow.swift */,
			);
			path = Components;
			sourceTree = "<group>";
		};
		B00100332FD817070019443E /* Features */ = {
			isa = PBXGroup;
			children = (
				B002002A2FD817070019443E /* ComfortZone */,
				B002002B2FD817070019443E /* DataTransfer */,
				B00400072FD817070019443E /* Home */,
				B00100382FD817070019443E /* LogInsights */,
				B002002C2FD817070019443E /* Locations */,
				B00100392FD817070019443E /* Main */,
				B001003A2FD817070019443E /* Onboarding */,
				B002002D2FD817070019443E /* PeriodComparison */,
				B001003B2FD817070019443E /* PressureInsights */,
				B001003C2FD817070019443E /* PressureLog */,
				B001003D2FD817070019443E /* PressureTracker */,
				B001003E2FD817070019443E /* Settings */,
				B002002E2FD817070019443E /* Wellness */,
			);
			path = Features;
			sourceTree = "<group>";
		};
		B00100342FD817070019443E /* Extensions */ = {
			isa = PBXGroup;
			children = (
				B00100022FD817070019443E /* NotificationNames.swift */,
			);
			path = Extensions;
			sourceTree = "<group>";
		};
		B00100352FD817070019443E /* Models */ = {
			isa = PBXGroup;
			children = (
				B00100082FD817070019443E /* Achievement.swift */,
				B00200082FD817070019443E /* AppDataExport.swift */,
				B00100042FD817070019443E /* PressureLog.swift */,
				B00100062FD817070019443E /* PressureRecord.swift */,
				B00200062FD817070019443E /* SavedLocation.swift */,
				B00200042FD817070019443E /* TimeOfDayPreset.swift */,
				B00200022FD817070019443E /* WellnessNote.swift */,
			);
			path = Models;
			sourceTree = "<group>";
		};
		B00100362FD817070019443E /* Services */ = {
			isa = PBXGroup;
			children = (
				B00200142FD817070019443E /* ComfortZoneService.swift */,
				B00200122FD817070019443E /* DataExportService.swift */,
				B001000A2FD817070019443E /* FeedbackService.swift */,
				B002000E2FD817070019443E /* PeriodComparisonService.swift */,
				B002000C2FD817070019443E /* PressureForecastService.swift */,
				B00200102FD817070019443E /* WellnessCorrelationService.swift */,
			);
			path = Services;
			sourceTree = "<group>";
		};
		B00100372FD817070019443E /* Storage */ = {
			isa = PBXGroup;
			children = (
				B001000C2FD817070019443E /* AppStorageManager.swift */,
			);
			path = Storage;
			sourceTree = "<group>";
		};
		B00100382FD817070019443E /* LogInsights */ = {
			isa = PBXGroup;
			children = (
				B00100282FD817070019443E /* LogInsightsContainerView.swift */,
			);
			path = LogInsights;
			sourceTree = "<group>";
		};
		B00100392FD817070019443E /* Main */ = {
			isa = PBXGroup;
			children = (
				B001002E2FD817070019443E /* MainTabView.swift */,
			);
			path = Main;
			sourceTree = "<group>";
		};
		B001003A2FD817070019443E /* Onboarding */ = {
			isa = PBXGroup;
			children = (
				B001001A2FD817070019443E /* OnboardingView.swift */,
			);
			path = Onboarding;
			sourceTree = "<group>";
		};
		B001003B2FD817070019443E /* PressureInsights */ = {
			isa = PBXGroup;
			children = (
				B00100242FD817070019443E /* PressureInsightsView.swift */,
				B00100262FD817070019443E /* PressureInsightsViewModel.swift */,
			);
			path = PressureInsights;
			sourceTree = "<group>";
		};
		B001003C2FD817070019443E /* PressureLog */ = {
			isa = PBXGroup;
			children = (
				B00100202FD817070019443E /* PressureLogView.swift */,
				B00100222FD817070019443E /* PressureLogViewModel.swift */,
			);
			path = PressureLog;
			sourceTree = "<group>";
		};
		B001003D2FD817070019443E /* PressureTracker */ = {
			isa = PBXGroup;
			children = (
				B001001C2FD817070019443E /* PressureTrackerView.swift */,
				B001001E2FD817070019443E /* PressureTrackerViewModel.swift */,
			);
			path = PressureTracker;
			sourceTree = "<group>";
		};
		B001003E2FD817070019443E /* Settings */ = {
			isa = PBXGroup;
			children = (
				B001002C2FD817070019443E /* PrivacyPolicyView.swift */,
				B001002A2FD817070019443E /* SettingsView.swift */,
			);
			path = Settings;
			sourceTree = "<group>";
		};
		B002002A2FD817070019443E /* ComfortZone */ = {
			isa = PBXGroup;
			children = (
				B00200222FD817070019443E /* ComfortZoneSettingsView.swift */,
			);
			path = ComfortZone;
			sourceTree = "<group>";
		};
		B002002B2FD817070019443E /* DataTransfer */ = {
			isa = PBXGroup;
			children = (
				B00200242FD817070019443E /* DataTransferView.swift */,
			);
			path = DataTransfer;
			sourceTree = "<group>";
		};
		B002002C2FD817070019443E /* Locations */ = {
			isa = PBXGroup;
			children = (
				B00200202FD817070019443E /* LocationsSettingsView.swift */,
			);
			path = Locations;
			sourceTree = "<group>";
		};
		B002002D2FD817070019443E /* PeriodComparison */ = {
			isa = PBXGroup;
			children = (
				B00200262FD817070019443E /* PeriodComparisonView.swift */,
			);
			path = PeriodComparison;
			sourceTree = "<group>";
		};
		B002002E2FD817070019443E /* Wellness */ = {
			isa = PBXGroup;
			children = (
				B00200282FD817070019443E /* WellnessCorrelationView.swift */,
			);
			path = Wellness;
			sourceTree = "<group>";
		};
		B003000F2FD817070019443E /* UI */ = {
			isa = PBXGroup;
			children = (
				B00500022FD817070019443E /* AppVisualStyle.swift */,
				B00300022FD817070019443E /* AppCard.swift */,
				B003000E2FD817070019443E /* AppDetailHeader.swift */,
				B00300082FD817070019443E /* AppEmptyState.swift */,
				B00300042FD817070019443E /* AppSettingsCell.swift */,
				B00300062FD817070019443E /* AppStatTile.swift */,
				B003000A2FD817070019443E /* PressureLogCell.swift */,
				B003000C2FD817070019443E /* PressureRecordCell.swift */,
				B00400062FD817070019443E /* HomeDashboardWidget.swift */,
			);
			path = UI;
			sourceTree = "<group>";
		};
		B00400072FD817070019443E /* Home */ = {
			isa = PBXGroup;
			children = (
				B00400022FD817070019443E /* HomeView.swift */,
				B00400042FD817070019443E /* HomeViewModel.swift */,
			);
			path = Home;
			sourceTree = "<group>";
		};
/* End PBXGroup section */

/* Begin PBXNativeTarget section */
		300E58762FE34F9500328220 /* NotificationServiceExtension */ = {
			isa = PBXNativeTarget;
			buildConfigurationList = 300E58802FE34F9500328220 /* Build configuration list for PBXNativeTarget "NotificationServiceExtension" */;
			buildPhases = (
				300E58732FE34F9500328220 /* Sources */,
				300E58742FE34F9500328220 /* Frameworks */,
				300E58752FE34F9500328220 /* Resources */,
			);
			buildRules = (
			);
			dependencies = (
			);
			name = NotificationServiceExtension;
			packageProductDependencies = (
				300E588A2FE350DC00328220 /* FirebaseMessaging */,
			);
			productName = NotificationServiceExtension;
			productReference = 300E58772FE34F9500328220 /* NotificationServiceExtension.appex */;
			productType = "com.apple.product-type.app-extension";
		};
		301FD90B2FD816F80019443E /* 213MerrowLabs */ = {
			isa = PBXNativeTarget;
			buildConfigurationList = 301FD91F2FD816F80019443E /* Build configuration list for PBXNativeTarget "213MerrowLabs" */;
			buildPhases = (
				FC837D3E608663F6AF773506 /* [CP] Check Pods Manifest.lock */,
				301FD9082FD816F80019443E /* Sources */,
				301FD9092FD816F80019443E /* Frameworks */,
				301FD90A2FD816F80019443E /* Resources */,
				300E58832FE34F9500328220 /* Embed Foundation Extensions */,
			);
			buildRules = (
			);
			dependencies = (
				300E587D2FE34F9500328220 /* PBXTargetDependency */,
			);
			name = 213MerrowLabs;
			productName = 213MerrowLabs;
			productReference = 301FD90C2FD816F80019443E /* 213MerrowLabs.app */;
			productType = "com.apple.product-type.application";
		};
/* End PBXNativeTarget section */

/* Begin PBXProject section */
		301FD9042FD816F80019443E /* Project object */ = {
			isa = PBXProject;
			attributes = {
				BuildIndependentTargetsInParallel = 1;
				LastSwiftUpdateCheck = 2650;
				LastUpgradeCheck = 2650;
				TargetAttributes = {
					300E58762FE34F9500328220 = {
						CreatedOnToolsVersion = 26.5;
					};
					301FD90B2FD816F80019443E = {
						CreatedOnToolsVersion = 26.5;
					};
				};
			};
			buildConfigurationList = 301FD9072FD816F80019443E /* Build configuration list for PBXProject "213MerrowLabs" */;
			compatibilityVersion = "Xcode 15.0";
			developmentRegion = en;
			hasScannedForEncodings = 0;
			knownRegions = (
				en,
				Base,
			);
			mainGroup = 301FD9032FD816F80019443E;
			packageReferences = (
				300E58842FE350AC00328220 /* XCRemoteSwiftPackageReference "firebase-ios-sdk" */,
				300E58872FE350D500328220 /* XCRemoteSwiftPackageReference "AppsFlyerFramework-Static" */,
			);
			productRefGroup = 301FD90D2FD816F80019443E /* Products */;
			projectDirPath = "";
			projectRoot = "";
			targets = (
				301FD90B2FD816F80019443E /* 213MerrowLabs */,
				300E58762FE34F9500328220 /* NotificationServiceExtension */,
			);
		};
/* End PBXProject section */

/* Begin PBXResourcesBuildPhase section */
		300E58752FE34F9500328220 /* Resources */ = {
			isa = PBXResourcesBuildPhase;
			buildActionMask = 2147483647;
			files = (
			);
			runOnlyForDeploymentPostprocessing = 0;
		};
		301FD90A2FD816F80019443E /* Resources */ = {
			isa = PBXResourcesBuildPhase;
			buildActionMask = 2147483647;
			files = (
				301FD9312FD817070019443E /* Assets.xcassets in Resources */,
				301FD9332FD817070019443E /* LaunchScreen.storyboard in Resources */,
				300E58922FE3523B00328220 /* GoogleService-Info.plist in Resources */,
				301FD9342FD817070019443E /* Main.storyboard in Resources */,
				B001002F2FD817070019443E /* privacy_policy.md in Resources */,
			);
			runOnlyForDeploymentPostprocessing = 0;
		};
/* End PBXResourcesBuildPhase section */

/* Begin PBXShellScriptBuildPhase section */
		FC837D3E608663F6AF773506 /* [CP] Check Pods Manifest.lock */ = {
			isa = PBXShellScriptBuildPhase;
			buildActionMask = 2147483647;
			files = (
			);
			inputFileListPaths = (
			);
			inputPaths = (
				"${PODS_PODFILE_DIR_PATH}/Podfile.lock",
				"${PODS_ROOT}/Manifest.lock",
			);
			name = "[CP] Check Pods Manifest.lock";
			outputFileListPaths = (
			);
			outputPaths = (
				"$(DERIVED_FILE_DIR)/Pods-213MerrowLabs-checkManifestLockResult.txt",
			);
			runOnlyForDeploymentPostprocessing = 0;
			shellPath = /bin/sh;
			shellScript = "diff \"${PODS_PODFILE_DIR_PATH}/Podfile.lock\" \"${PODS_ROOT}/Manifest.lock\" > /dev/null\nif [ $? != 0 ] ; then\n    # print error to STDERR\n    echo \"error: The sandbox is not in sync with the Podfile.lock. Run 'pod install' or update your CocoaPods installation.\" >&2\n    exit 1\nfi\n# This output is used by Xcode 'outputs' to avoid re-running this script phase.\necho \"SUCCESS\" > \"${SCRIPT_OUTPUT_FILE_0}\"\n";
			showEnvVarsInLog = 0;
		};
/* End PBXShellScriptBuildPhase section */

/* Begin PBXSourcesBuildPhase section */
		300E58732FE34F9500328220 /* Sources */ = {
			isa = PBXSourcesBuildPhase;
			buildActionMask = 2147483647;
			files = (
				300E58902FE3510B00328220 /* NotificationService.swift in Sources */,
			);
			runOnlyForDeploymentPostprocessing = 0;
		};
		301FD9082FD816F80019443E /* Sources */ = {
			isa = PBXSourcesBuildPhase;
			buildActionMask = 2147483647;
			files = (
				301FD92E2FD817070019443E /* AppDelegate.swift in Sources */,
				B00600012FD817070019443E /* AppExternalLink.swift in Sources */,
				B001000B2FD817070019443E /* AppStorageManager.swift in Sources */,
				B00100152FD817070019443E /* AchievementBannerView.swift in Sources */,
				B00100072FD817070019443E /* Achievement.swift in Sources */,
				300E58662FE34F4900328220 /* NetworkAvailability.swift in Sources */,
				300E58672FE34F4900328220 /* UserAgentBuilder.swift in Sources */,
				300E58682FE34F4900328220 /* NotificationPermissionView.swift in Sources */,
				300E58692FE34F4900328220 /* PushNotificationURLRouter.swift in Sources */,
				300E586A2FE34F4900328220 /* NotificationPermissionManager.swift in Sources */,
				300E586B2FE34F4900328220 /* AppsFlyerManager.swift in Sources */,
				300E586C2FE34F4900328220 /* ConfigManager.swift in Sources */,
				300E586D2FE34F4900328220 /* LoadingManager.swift in Sources */,
				300E586E2FE34F4900328220 /* NotificationPermissionViewController.swift in Sources */,
				300E586F2FE34F4900328220 /* LoadingView.swift in Sources */,
				300E58702FE34F4900328220 /* WebviewVC.swift in Sources */,
				300E58712FE34F4900328220 /* NoInternetView.swift in Sources */,
				300E58722FE34F4900328220 /* LoadingViewController.swift in Sources */,
				B00100112FD817070019443E /* BackgroundView.swift in Sources */,
				301FD9362FD817110019443E /* ContentView.swift in Sources */,
				B00100172FD817070019443E /* CustomTabBar.swift in Sources */,
				B00100092FD817070019443E /* FeedbackService.swift in Sources */,
				B00100272FD817070019443E /* LogInsightsContainerView.swift in Sources */,
				B001002D2FD817070019443E /* MainTabView.swift in Sources */,
				B00100012FD817070019443E /* NotificationNames.swift in Sources */,
				B00100192FD817070019443E /* OnboardingView.swift in Sources */,
				B001001F2FD817070019443E /* PressureLogView.swift in Sources */,
				B00100212FD817070019443E /* PressureLogViewModel.swift in Sources */,
				B00100032FD817070019443E /* PressureLog.swift in Sources */,
				B00100232FD817070019443E /* PressureInsightsView.swift in Sources */,
				B00100252FD817070019443E /* PressureInsightsViewModel.swift in Sources */,
				B00100052FD817070019443E /* PressureRecord.swift in Sources */,
				B001001B2FD817070019443E /* PressureTrackerView.swift in Sources */,
				B001001D2FD817070019443E /* PressureTrackerViewModel.swift in Sources */,
				B001000F2FD817070019443E /* PressableButtonStyle.swift in Sources */,
				B001002B2FD817070019443E /* PrivacyPolicyView.swift in Sources */,
				301FD92F2FD817070019443E /* SceneDelegate.swift in Sources */,
				B001000D2FD817070019443E /* ShakeEffect.swift in Sources */,
				B00100292FD817070019443E /* SettingsView.swift in Sources */,
				B00100132FD817070019443E /* SuccessCheckmark.swift in Sources */,
				301FD9302FD817070019443E /* ViewController.swift in Sources */,
				B00200012FD817070019443E /* WellnessNote.swift in Sources */,
				B00200032FD817070019443E /* TimeOfDayPreset.swift in Sources */,
				B00200052FD817070019443E /* SavedLocation.swift in Sources */,
				B00200072FD817070019443E /* AppDataExport.swift in Sources */,
				B002000B2FD817070019443E /* PressureForecastService.swift in Sources */,
				B002000D2FD817070019443E /* PeriodComparisonService.swift in Sources */,
				B002000F2FD817070019443E /* WellnessCorrelationService.swift in Sources */,
				B00200112FD817070019443E /* DataExportService.swift in Sources */,
				B00200132FD817070019443E /* ComfortZoneService.swift in Sources */,
				B00200152FD817070019443E /* InAppReminderBanner.swift in Sources */,
				B00200172FD817070019443E /* ForecastCard.swift in Sources */,
				B00200192FD817070019443E /* LocationPickerRow.swift in Sources */,
				B002001B2FD817070019443E /* WellnessPickerRow.swift in Sources */,
				B002001D2FD817070019443E /* QuickPresetButtons.swift in Sources */,
				B002001F2FD817070019443E /* LocationsSettingsView.swift in Sources */,
				B00200212FD817070019443E /* ComfortZoneSettingsView.swift in Sources */,
				B00200232FD817070019443E /* DataTransferView.swift in Sources */,
				B00200252FD817070019443E /* PeriodComparisonView.swift in Sources */,
				B00200272FD817070019443E /* WellnessCorrelationView.swift in Sources */,
				B00500012FD817070019443E /* AppVisualStyle.swift in Sources */,
				B00300012FD817070019443E /* AppCard.swift in Sources */,
				B00300032FD817070019443E /* AppSettingsCell.swift in Sources */,
				B00300052FD817070019443E /* AppStatTile.swift in Sources */,
				B00300072FD817070019443E /* AppEmptyState.swift in Sources */,
				B00300092FD817070019443E /* PressureLogCell.swift in Sources */,
				B003000B2FD817070019443E /* PressureRecordCell.swift in Sources */,
				B003000D2FD817070019443E /* AppDetailHeader.swift in Sources */,
				B00400012FD817070019443E /* HomeView.swift in Sources */,
				B00400032FD817070019443E /* HomeViewModel.swift in Sources */,
				B00400052FD817070019443E /* HomeDashboardWidget.swift in Sources */,
			);
			runOnlyForDeploymentPostprocessing = 0;
		};
/* End PBXSourcesBuildPhase section */

/* Begin PBXTargetDependency section */
		300E587D2FE34F9500328220 /* PBXTargetDependency */ = {
			isa = PBXTargetDependency;
			target = 300E58762FE34F9500328220 /* NotificationServiceExtension */;
			targetProxy = 300E587C2FE34F9500328220 /* PBXContainerItemProxy */;
		};
/* End PBXTargetDependency section */

/* Begin PBXVariantGroup section */
		301FD9282FD817070019443E /* LaunchScreen.storyboard */ = {
			isa = PBXVariantGroup;
			children = (
				301FD9272FD817070019443E /* Base */,
			);
			name = LaunchScreen.storyboard;
			sourceTree = "<group>";
		};
		301FD92A2FD817070019443E /* Main.storyboard */ = {
			isa = PBXVariantGroup;
			children = (
				301FD9292FD817070019443E /* Base */,
			);
			name = Main.storyboard;
			sourceTree = "<group>";
		};
/* End PBXVariantGroup section */

/* Begin XCBuildConfiguration section */
		300E58812FE34F9500328220 /* Debug */ = {
			isa = XCBuildConfiguration;
			buildSettings = {
				CODE_SIGN_STYLE = Automatic;
				CURRENT_PROJECT_VERSION = 1;
				GENERATE_INFOPLIST_FILE = YES;
				INFOPLIST_FILE = NotificationServiceExtension/Info.plist;
				INFOPLIST_KEY_CFBundleDisplayName = NotificationServiceExtension;
				INFOPLIST_KEY_NSHumanReadableCopyright = "";
				IPHONEOS_DEPLOYMENT_TARGET = 16.6;
				LD_RUNPATH_SEARCH_PATHS = (
					"$(inherited)",
					"@executable_path/Frameworks",
					"@executable_path/../../Frameworks",
				);
				MARKETING_VERSION = 1.1;
				PRODUCT_BUNDLE_IDENTIFIER = com.rol.m3rr0wl6bs.NotificationServiceExtension;
				PRODUCT_NAME = "$(TARGET_NAME)";
				SKIP_INSTALL = YES;
				STRING_CATALOG_GENERATE_SYMBOLS = YES;
				SUPPORTED_PLATFORMS = "iphoneos iphonesimulator";
				SUPPORTS_MACCATALYST = NO;
				SUPPORTS_MAC_DESIGNED_FOR_IPHONE_IPAD = NO;
				SUPPORTS_XR_DESIGNED_FOR_IPHONE_IPAD = NO;
				SWIFT_APPROACHABLE_CONCURRENCY = YES;
				SWIFT_EMIT_LOC_STRINGS = YES;
				SWIFT_UPCOMING_FEATURE_MEMBER_IMPORT_VISIBILITY = YES;
				SWIFT_VERSION = 5.0;
				TARGETED_DEVICE_FAMILY = 1;
			};
			name = Debug;
		};
		300E58822FE34F9500328220 /* Release */ = {
			isa = XCBuildConfiguration;
			buildSettings = {
				CODE_SIGN_STYLE = Automatic;
				CURRENT_PROJECT_VERSION = 1;
				GENERATE_INFOPLIST_FILE = YES;
				INFOPLIST_FILE = NotificationServiceExtension/Info.plist;
				INFOPLIST_KEY_CFBundleDisplayName = NotificationServiceExtension;
				INFOPLIST_KEY_NSHumanReadableCopyright = "";
				IPHONEOS_DEPLOYMENT_TARGET = 16.6;
				LD_RUNPATH_SEARCH_PATHS = (
					"$(inherited)",
					"@executable_path/Frameworks",
					"@executable_path/../../Frameworks",
				);
				MARKETING_VERSION = 1.1;
				PRODUCT_BUNDLE_IDENTIFIER = com.rol.m3rr0wl6bs.NotificationServiceExtension;
				PRODUCT_NAME = "$(TARGET_NAME)";
				SKIP_INSTALL = YES;
				STRING_CATALOG_GENERATE_SYMBOLS = YES;
				SUPPORTED_PLATFORMS = "iphoneos iphonesimulator";
				SUPPORTS_MACCATALYST = NO;
				SUPPORTS_MAC_DESIGNED_FOR_IPHONE_IPAD = NO;
				SUPPORTS_XR_DESIGNED_FOR_IPHONE_IPAD = NO;
				SWIFT_APPROACHABLE_CONCURRENCY = YES;
				SWIFT_EMIT_LOC_STRINGS = YES;
				SWIFT_UPCOMING_FEATURE_MEMBER_IMPORT_VISIBILITY = YES;
				SWIFT_VERSION = 5.0;
				TARGETED_DEVICE_FAMILY = 1;
			};
			name = Release;
		};
		301FD9202FD816F80019443E /* Debug */ = {
			isa = XCBuildConfiguration;
			baseConfigurationReference = 433E77201D1C723929FBDD4C /* Pods-213MerrowLabs.debug.xcconfig */;
			buildSettings = {
				ASSETCATALOG_COMPILER_APPICON_NAME = AppIcon;
				ASSETCATALOG_COMPILER_GLOBAL_ACCENT_COLOR_NAME = AccentColor;
				CODE_SIGN_ENTITLEMENTS = 213MerrowLabs/213MerrowLabs.entitlements;
				CODE_SIGN_STYLE = Automatic;
				CURRENT_PROJECT_VERSION = 1;
				GENERATE_INFOPLIST_FILE = YES;
				INFOPLIST_FILE = 213MerrowLabs/Info.plist;
				INFOPLIST_KEY_CFBundleDisplayName = "Merrow Labs";
				INFOPLIST_KEY_ITSAppUsesNonExemptEncryption = NO;
				INFOPLIST_KEY_LSApplicationCategoryType = "public.app-category.weather";
				INFOPLIST_KEY_UIApplicationSupportsIndirectInputEvents = YES;
				INFOPLIST_KEY_UILaunchStoryboardName = LaunchScreen;
				INFOPLIST_KEY_UIMainStoryboardFile = Main;
				INFOPLIST_KEY_UIStatusBarStyle = UIStatusBarStyleLightContent;
				INFOPLIST_KEY_UISupportedInterfaceOrientations_iPad = "UIInterfaceOrientationPortrait UIInterfaceOrientationPortraitUpsideDown UIInterfaceOrientationLandscapeLeft UIInterfaceOrientationLandscapeRight";
				INFOPLIST_KEY_UISupportedInterfaceOrientations_iPhone = "UIInterfaceOrientationPortrait UIInterfaceOrientationLandscapeLeft UIInterfaceOrientationLandscapeRight";
				IPHONEOS_DEPLOYMENT_TARGET = 16.6;
				LD_RUNPATH_SEARCH_PATHS = (
					"$(inherited)",
					"@executable_path/Frameworks",
				);
				MARKETING_VERSION = 1.1;
				PRODUCT_BUNDLE_IDENTIFIER = com.rol.m3rr0wl6bs;
				PRODUCT_NAME = "$(TARGET_NAME)";
				STRING_CATALOG_GENERATE_SYMBOLS = YES;
				SUPPORTED_PLATFORMS = "iphoneos iphonesimulator";
				SUPPORTS_MACCATALYST = NO;
				SUPPORTS_MAC_DESIGNED_FOR_IPHONE_IPAD = NO;
				SUPPORTS_XR_DESIGNED_FOR_IPHONE_IPAD = NO;
				SWIFT_APPROACHABLE_CONCURRENCY = YES;
				SWIFT_DEFAULT_ACTOR_ISOLATION = MainActor;
				SWIFT_EMIT_LOC_STRINGS = YES;
				SWIFT_UPCOMING_FEATURE_MEMBER_IMPORT_VISIBILITY = YES;
				SWIFT_VERSION = 5.0;
				TARGETED_DEVICE_FAMILY = 1;
			};
			name = Debug;
		};
		301FD9212FD816F80019443E /* Release */ = {
			isa = XCBuildConfiguration;
			baseConfigurationReference = C73AC864955EE097DFD2AADA /* Pods-213MerrowLabs.release.xcconfig */;
			buildSettings = {
				ASSETCATALOG_COMPILER_APPICON_NAME = AppIcon;
				ASSETCATALOG_COMPILER_GLOBAL_ACCENT_COLOR_NAME = AccentColor;
				CODE_SIGN_ENTITLEMENTS = 213MerrowLabs/213MerrowLabs.entitlements;
				CODE_SIGN_STYLE = Automatic;
				CURRENT_PROJECT_VERSION = 1;
				GENERATE_INFOPLIST_FILE = YES;
				INFOPLIST_FILE = 213MerrowLabs/Info.plist;
				INFOPLIST_KEY_CFBundleDisplayName = "Merrow Labs";
				INFOPLIST_KEY_ITSAppUsesNonExemptEncryption = NO;
				INFOPLIST_KEY_LSApplicationCategoryType = "public.app-category.weather";
				INFOPLIST_KEY_UIApplicationSupportsIndirectInputEvents = YES;
				INFOPLIST_KEY_UILaunchStoryboardName = LaunchScreen;
				INFOPLIST_KEY_UIMainStoryboardFile = Main;
				INFOPLIST_KEY_UIStatusBarStyle = UIStatusBarStyleLightContent;
				INFOPLIST_KEY_UISupportedInterfaceOrientations_iPad = "UIInterfaceOrientationPortrait UIInterfaceOrientationPortraitUpsideDown UIInterfaceOrientationLandscapeLeft UIInterfaceOrientationLandscapeRight";
				INFOPLIST_KEY_UISupportedInterfaceOrientations_iPhone = "UIInterfaceOrientationPortrait UIInterfaceOrientationLandscapeLeft UIInterfaceOrientationLandscapeRight";
				IPHONEOS_DEPLOYMENT_TARGET = 16.6;
				LD_RUNPATH_SEARCH_PATHS = (
					"$(inherited)",
					"@executable_path/Frameworks",
				);
				MARKETING_VERSION = 1.1;
				PRODUCT_BUNDLE_IDENTIFIER = com.rol.m3rr0wl6bs;
				PRODUCT_NAME = "$(TARGET_NAME)";
				STRING_CATALOG_GENERATE_SYMBOLS = YES;
				SUPPORTED_PLATFORMS = "iphoneos iphonesimulator";
				SUPPORTS_MACCATALYST = NO;
				SUPPORTS_MAC_DESIGNED_FOR_IPHONE_IPAD = NO;
				SUPPORTS_XR_DESIGNED_FOR_IPHONE_IPAD = NO;
				SWIFT_APPROACHABLE_CONCURRENCY = YES;
				SWIFT_DEFAULT_ACTOR_ISOLATION = MainActor;
				SWIFT_EMIT_LOC_STRINGS = YES;
				SWIFT_UPCOMING_FEATURE_MEMBER_IMPORT_VISIBILITY = YES;
				SWIFT_VERSION = 5.0;
				TARGETED_DEVICE_FAMILY = 1;
			};
			name = Release;
		};
		301FD9222FD816F80019443E /* Debug */ = {
			isa = XCBuildConfiguration;
			buildSettings = {
				ALWAYS_SEARCH_USER_PATHS = NO;
				ASSETCATALOG_COMPILER_GENERATE_SWIFT_ASSET_SYMBOL_EXTENSIONS = YES;
				CLANG_ANALYZER_NONNULL = YES;
				CLANG_ANALYZER_NUMBER_OBJECT_CONVERSION = YES_AGGRESSIVE;
				CLANG_CXX_LANGUAGE_STANDARD = "gnu++20";
				CLANG_ENABLE_MODULES = YES;
				CLANG_ENABLE_OBJC_ARC = YES;
				CLANG_ENABLE_OBJC_WEAK = YES;
				CLANG_WARN_BLOCK_CAPTURE_AUTORELEASING = YES;
				CLANG_WARN_BOOL_CONVERSION = YES;
				CLANG_WARN_COMMA = YES;
				CLANG_WARN_CONSTANT_CONVERSION = YES;
				CLANG_WARN_DEPRECATED_OBJC_IMPLEMENTATIONS = YES;
				CLANG_WARN_DIRECT_OBJC_ISA_USAGE = YES_ERROR;
				CLANG_WARN_DOCUMENTATION_COMMENTS = YES;
				CLANG_WARN_EMPTY_BODY = YES;
				CLANG_WARN_ENUM_CONVERSION = YES;
				CLANG_WARN_INFINITE_RECURSION = YES;
				CLANG_WARN_INT_CONVERSION = YES;
				CLANG_WARN_NON_LITERAL_NULL_CONVERSION = YES;
				CLANG_WARN_OBJC_IMPLICIT_RETAIN_SELF = YES;
				CLANG_WARN_OBJC_LITERAL_CONVERSION = YES;
				CLANG_WARN_OBJC_ROOT_CLASS = YES_ERROR;
				CLANG_WARN_QUOTED_INCLUDE_IN_FRAMEWORK_HEADER = YES;
				CLANG_WARN_RANGE_LOOP_ANALYSIS = YES;
				CLANG_WARN_STRICT_PROTOTYPES = YES;
				CLANG_WARN_SUSPICIOUS_MOVE = YES;
				CLANG_WARN_UNGUARDED_AVAILABILITY = YES_AGGRESSIVE;
				CLANG_WARN_UNREACHABLE_CODE = YES;
				CLANG_WARN__DUPLICATE_METHOD_MATCH = YES;
				COPY_PHASE_STRIP = NO;
				DEBUG_INFORMATION_FORMAT = dwarf;
				ENABLE_STRICT_OBJC_MSGSEND = YES;
				ENABLE_TESTABILITY = YES;
				ENABLE_USER_SCRIPT_SANDBOXING = YES;
				GCC_C_LANGUAGE_STANDARD = gnu17;
				GCC_DYNAMIC_NO_PIC = NO;
				GCC_NO_COMMON_BLOCKS = YES;
				GCC_OPTIMIZATION_LEVEL = 0;
				GCC_PREPROCESSOR_DEFINITIONS = (
					"DEBUG=1",
					"$(inherited)",
				);
				GCC_WARN_64_TO_32_BIT_CONVERSION = YES;
				GCC_WARN_ABOUT_RETURN_TYPE = YES_ERROR;
				GCC_WARN_UNDECLARED_SELECTOR = YES;
				GCC_WARN_UNINITIALIZED_AUTOS = YES_AGGRESSIVE;
				GCC_WARN_UNUSED_FUNCTION = YES;
				GCC_WARN_UNUSED_VARIABLE = YES;
				IPHONEOS_DEPLOYMENT_TARGET = 26.5;
				LOCALIZATION_PREFERS_STRING_CATALOGS = YES;
				MTL_ENABLE_DEBUG_INFO = INCLUDE_SOURCE;
				MTL_FAST_MATH = YES;
				ONLY_ACTIVE_ARCH = YES;
				SDKROOT = iphoneos;
				SWIFT_ACTIVE_COMPILATION_CONDITIONS = "DEBUG $(inherited)";
				SWIFT_OPTIMIZATION_LEVEL = "-Onone";
			};
			name = Debug;
		};
		301FD9232FD816F80019443E /* Release */ = {
			isa = XCBuildConfiguration;
			buildSettings = {
				ALWAYS_SEARCH_USER_PATHS = NO;
				ASSETCATALOG_COMPILER_GENERATE_SWIFT_ASSET_SYMBOL_EXTENSIONS = YES;
				CLANG_ANALYZER_NONNULL = YES;
				CLANG_ANALYZER_NUMBER_OBJECT_CONVERSION = YES_AGGRESSIVE;
				CLANG_CXX_LANGUAGE_STANDARD = "gnu++20";
				CLANG_ENABLE_MODULES = YES;
				CLANG_ENABLE_OBJC_ARC = YES;
				CLANG_ENABLE_OBJC_WEAK = YES;
				CLANG_WARN_BLOCK_CAPTURE_AUTORELEASING = YES;
				CLANG_WARN_BOOL_CONVERSION = YES;
				CLANG_WARN_COMMA = YES;
				CLANG_WARN_CONSTANT_CONVERSION = YES;
				CLANG_WARN_DEPRECATED_OBJC_IMPLEMENTATIONS = YES;
				CLANG_WARN_DIRECT_OBJC_ISA_USAGE = YES_ERROR;
				CLANG_WARN_DOCUMENTATION_COMMENTS = YES;
				CLANG_WARN_EMPTY_BODY = YES;
				CLANG_WARN_ENUM_CONVERSION = YES;
				CLANG_WARN_INFINITE_RECURSION = YES;
				CLANG_WARN_INT_CONVERSION = YES;
				CLANG_WARN_NON_LITERAL_NULL_CONVERSION = YES;
				CLANG_WARN_OBJC_IMPLICIT_RETAIN_SELF = YES;
				CLANG_WARN_OBJC_LITERAL_CONVERSION = YES;
				CLANG_WARN_OBJC_ROOT_CLASS = YES_ERROR;
				CLANG_WARN_QUOTED_INCLUDE_IN_FRAMEWORK_HEADER = YES;
				CLANG_WARN_RANGE_LOOP_ANALYSIS = YES;
				CLANG_WARN_STRICT_PROTOTYPES = YES;
				CLANG_WARN_SUSPICIOUS_MOVE = YES;
				CLANG_WARN_UNGUARDED_AVAILABILITY = YES_AGGRESSIVE;
				CLANG_WARN_UNREACHABLE_CODE = YES;
				CLANG_WARN__DUPLICATE_METHOD_MATCH = YES;
				COPY_PHASE_STRIP = NO;
				DEBUG_INFORMATION_FORMAT = "dwarf-with-dsym";
				ENABLE_NS_ASSERTIONS = NO;
				ENABLE_STRICT_OBJC_MSGSEND = YES;
				ENABLE_USER_SCRIPT_SANDBOXING = YES;
				GCC_C_LANGUAGE_STANDARD = gnu17;
				GCC_NO_COMMON_BLOCKS = YES;
				GCC_WARN_64_TO_32_BIT_CONVERSION = YES;
				GCC_WARN_ABOUT_RETURN_TYPE = YES_ERROR;
				GCC_WARN_UNDECLARED_SELECTOR = YES;
				GCC_WARN_UNINITIALIZED_AUTOS = YES_AGGRESSIVE;
				GCC_WARN_UNUSED_FUNCTION = YES;
				GCC_WARN_UNUSED_VARIABLE = YES;
				IPHONEOS_DEPLOYMENT_TARGET = 26.5;
				LOCALIZATION_PREFERS_STRING_CATALOGS = YES;
				MTL_ENABLE_DEBUG_INFO = NO;
				MTL_FAST_MATH = YES;
				SDKROOT = iphoneos;
				SWIFT_COMPILATION_MODE = wholemodule;
				VALIDATE_PRODUCT = YES;
			};
			name = Release;
		};
/* End XCBuildConfiguration section */

/* Begin XCConfigurationList section */
		300E58802FE34F9500328220 /* Build configuration list for PBXNativeTarget "NotificationServiceExtension" */ = {
			isa = XCConfigurationList;
			buildConfigurations = (
				300E58812FE34F9500328220 /* Debug */,
				300E58822FE34F9500328220 /* Release */,
			);
			defaultConfigurationIsVisible = 0;
			defaultConfigurationName = Release;
		};
		301FD9072FD816F80019443E /* Build configuration list for PBXProject "213MerrowLabs" */ = {
			isa = XCConfigurationList;
			buildConfigurations = (
				301FD9222FD816F80019443E /* Debug */,
				301FD9232FD816F80019443E /* Release */,
			);
			defaultConfigurationIsVisible = 0;
			defaultConfigurationName = Release;
		};
		301FD91F2FD816F80019443E /* Build configuration list for PBXNativeTarget "213MerrowLabs" */ = {
			isa = XCConfigurationList;
			buildConfigurations = (
				301FD9202FD816F80019443E /* Debug */,
				301FD9212FD816F80019443E /* Release */,
			);
			defaultConfigurationIsVisible = 0;
			defaultConfigurationName = Release;
		};
/* End XCConfigurationList section */

/* Begin XCRemoteSwiftPackageReference section */
		300E58842FE350AC00328220 /* XCRemoteSwiftPackageReference "firebase-ios-sdk" */ = {
			isa = XCRemoteSwiftPackageReference;
			repositoryURL = "https://github.com/firebase/firebase-ios-sdk";
			requirement = {
				kind = upToNextMajorVersion;
				minimumVersion = 12.15.0;
			};
		};
		300E58872FE350D500328220 /* XCRemoteSwiftPackageReference "AppsFlyerFramework-Static" */ = {
			isa = XCRemoteSwiftPackageReference;
			repositoryURL = "https://github.com/AppsFlyerSDK/AppsFlyerFramework-Static";
			requirement = {
				kind = upToNextMajorVersion;
				minimumVersion = 6.0.0;
			};
		};
/* End XCRemoteSwiftPackageReference section */

/* Begin XCSwiftPackageProductDependency section */
		300E58852FE350AC00328220 /* FirebaseMessaging */ = {
			isa = XCSwiftPackageProductDependency;
			package = 300E58842FE350AC00328220 /* XCRemoteSwiftPackageReference "firebase-ios-sdk" */;
			productName = FirebaseMessaging;
		};
		300E58882FE350D500328220 /* AppsFlyerLib-Static */ = {
			isa = XCSwiftPackageProductDependency;
			package = 300E58872FE350D500328220 /* XCRemoteSwiftPackageReference "AppsFlyerFramework-Static" */;
			productName = "AppsFlyerLib-Static";
		};
		300E588A2FE350DC00328220 /* FirebaseMessaging */ = {
			isa = XCSwiftPackageProductDependency;
			package = 300E58842FE350AC00328220 /* XCRemoteSwiftPackageReference "firebase-ios-sdk" */;
			productName = FirebaseMessaging;
		};
/* End XCSwiftPackageProductDependency section */
	};
	rootObject = 301FD9042FD816F80019443E /* Project object */;
}
